
Microsoft Visual Studio Solution File, Format Version 12.00
# Visual Studio Version 16
VisualStudioVersion = 16.0.31829.152
MinimumVisualStudioVersion = 10.0.40219.1
Project("{FAE04EC0-301F-11D3-BF4B-00C04F79EFBC}") = "lab13.1", "lab13.1\lab13.1.csproj", "{D78E261F-D5A5-46A0-AEBB-09FEE7FAF1D9}"
EndProject
Global
	GlobalSection(SolutionConfigurationPlatforms) = preSolution
		Debug|Any CPU = Debug|Any CPU
		Release|Any CPU = Release|Any CPU
	EndGlobalSection
	GlobalSection(ProjectConfigurationPlatforms) = postSolution
		{D78E261F-D5A5-46A0-AEBB-09FEE7FAF1D9}.Debug|Any CPU.ActiveCfg = Debug|Any CPU
		{D78E261F-D5A5-46A0-AEBB-09FEE7FAF1D9}.Debug|Any CPU.Build.0 = Debug|Any CPU
		{D78E261F-D5A5-46A0-AEBB-09FEE7FAF1D9}.Release|Any CPU.ActiveCfg = Release|Any CPU
		{D78E261F-D5A5-46A0-AEBB-09FEE7FAF1D9}.Release|Any CPU.Build.0 = Release|Any CPU
	EndGlobalSection
	GlobalSection(SolutionProperties) = preSolution
		HideSolutionNode = FALSE
	EndGlobalSection
	GlobalSection(ExtensibilityGlobals) = postSolution
		SolutionGuid = {A24EEA67-C4A4-4B95-814A-D48423E35C02}
	EndGlobalSection
EndGlobal
